
Microsoft Visual Studio Solution File, Format Version 12.00
# Visual Studio 15
VisualStudioVersion = 15.0.27703.2035
MinimumVisualStudioVersion = 10.0.40219.1
Project("{FAE04EC0-301F-11D3-BF4B-00C04F79EFBC}") = "LinkedList", "LinkedList\LinkedList.csproj", "{CA573E34-E8E5-4AEF-AE4B-8FEC3F1B9920}"
EndProject
Project("{FAE04EC0-301F-11D3-BF4B-00C04F79EFBC}") = "DoublyLinkedList", "DoublyLinkedList\DoublyLinkedList.csproj", "{B915BCD9-E4AD-4EE3-9F8B-DA481EFA900A}"
EndProject
Project("{FAE04EC0-301F-11D3-BF4B-00C04F79EFBC}") = "StackLinkedList", "StackLinkedList\StackLinkedList.csproj", "{DF38C0BF-0DA6-45C7-9661-3F8D391F784A}"
EndProject
Project("{FAE04EC0-301F-11D3-BF4B-00C04F79EFBC}") = "StackArray", "StackArray\StackArray.csproj", "{3D4CB9D2-A729-4FCF-B65B-2ADA68DC0F8A}"
EndProject
Project("{FAE04EC0-301F-11D3-BF4B-00C04F79EFBC}") = "StackCalculator", "StackCalculator\StackCalculator.csproj", "{DE82F0F7-E48B-46AE-84AF-90A09591B23D}"
EndProject
Project("{FAE04EC0-301F-11D3-BF4B-00C04F79EFBC}") = "StackUndoWPF", "StackUndoWPF\StackUndoWPF.csproj", "{A71ADAEC-A955-4C74-8D3C-A7107D2F36E3}"
EndProject
Project("{FAE04EC0-301F-11D3-BF4B-00C04F79EFBC}") = "QueueLinkedList", "QueueLinkedList\QueueLinkedList.csproj", "{4F31DC59-A5C6-417D-B8C8-51137DE9BEC6}"
EndProject
Project("{FAE04EC0-301F-11D3-BF4B-00C04F79EFBC}") = "QueueTestWPF", "QueueTestWPF\QueueTestWPF.csproj", "{E8E0B9B3-3734-4E96-B3FD-52DD558F66FC}"
EndProject
Project("{FAE04EC0-301F-11D3-BF4B-00C04F79EFBC}") = "QueueArray", "QueueArray\QueueArray.csproj", "{3185AC1F-0A3E-4B2C-93CC-5D5319F2C34E}"
EndProject
Project("{FAE04EC0-301F-11D3-BF4B-00C04F79EFBC}") = "PriorityQueueLinkedList", "PriorityQueueLinkedList\PriorityQueueLinkedList.csproj", "{FDD38330-E678-408A-88EE-DABF1930038D}"
EndProject
Global
	GlobalSection(SolutionConfigurationPlatforms) = preSolution
		Debug|Any CPU = Debug|Any CPU
		Release|Any CPU = Release|Any CPU
	EndGlobalSection
	GlobalSection(ProjectConfigurationPlatforms) = postSolution
		{CA573E34-E8E5-4AEF-AE4B-8FEC3F1B9920}.Debug|Any CPU.ActiveCfg = Debug|Any CPU
		{CA573E34-E8E5-4AEF-AE4B-8FEC3F1B9920}.Debug|Any CPU.Build.0 = Debug|Any CPU
		{CA573E34-E8E5-4AEF-AE4B-8FEC3F1B9920}.Release|Any CPU.ActiveCfg = Release|Any CPU
		{CA573E34-E8E5-4AEF-AE4B-8FEC3F1B9920}.Release|Any CPU.Build.0 = Release|Any CPU
		{B915BCD9-E4AD-4EE3-9F8B-DA481EFA900A}.Debug|Any CPU.ActiveCfg = Debug|Any CPU
		{B915BCD9-E4AD-4EE3-9F8B-DA481EFA900A}.Debug|Any CPU.Build.0 = Debug|Any CPU
		{B915BCD9-E4AD-4EE3-9F8B-DA481EFA900A}.Release|Any CPU.ActiveCfg = Release|Any CPU
		{B915BCD9-E4AD-4EE3-9F8B-DA481EFA900A}.Release|Any CPU.Build.0 = Release|Any CPU
		{DF38C0BF-0DA6-45C7-9661-3F8D391F784A}.Debug|Any CPU.ActiveCfg = Debug|Any CPU
		{DF38C0BF-0DA6-45C7-9661-3F8D391F784A}.Debug|Any CPU.Build.0 = Debug|Any CPU
		{DF38C0BF-0DA6-45C7-9661-3F8D391F784A}.Release|Any CPU.ActiveCfg = Release|Any CPU
		{DF38C0BF-0DA6-45C7-9661-3F8D391F784A}.Release|Any CPU.Build.0 = Release|Any CPU
		{3D4CB9D2-A729-4FCF-B65B-2ADA68DC0F8A}.Debug|Any CPU.ActiveCfg = Debug|Any CPU
		{3D4CB9D2-A729-4FCF-B65B-2ADA68DC0F8A}.Debug|Any CPU.Build.0 = Debug|Any CPU
		{3D4CB9D2-A729-4FCF-B65B-2ADA68DC0F8A}.Release|Any CPU.ActiveCfg = Release|Any CPU
		{3D4CB9D2-A729-4FCF-B65B-2ADA68DC0F8A}.Release|Any CPU.Build.0 = Release|Any CPU
		{DE82F0F7-E48B-46AE-84AF-90A09591B23D}.Debug|Any CPU.ActiveCfg = Debug|Any CPU
		{DE82F0F7-E48B-46AE-84AF-90A09591B23D}.Debug|Any CPU.Build.0 = Debug|Any CPU
		{DE82F0F7-E48B-46AE-84AF-90A09591B23D}.Release|Any CPU.ActiveCfg = Release|Any CPU
		{DE82F0F7-E48B-46AE-84AF-90A09591B23D}.Release|Any CPU.Build.0 = Release|Any CPU
		{A71ADAEC-A955-4C74-8D3C-A7107D2F36E3}.Debug|Any CPU.ActiveCfg = Debug|Any CPU
		{A71ADAEC-A955-4C74-8D3C-A7107D2F36E3}.Debug|Any CPU.Build.0 = Debug|Any CPU
		{A71ADAEC-A955-4C74-8D3C-A7107D2F36E3}.Release|Any CPU.ActiveCfg = Release|Any CPU
		{A71ADAEC-A955-4C74-8D3C-A7107D2F36E3}.Release|Any CPU.Build.0 = Release|Any CPU
		{4F31DC59-A5C6-417D-B8C8-51137DE9BEC6}.Debug|Any CPU.ActiveCfg = Debug|Any CPU
		{4F31DC59-A5C6-417D-B8C8-51137DE9BEC6}.Debug|Any CPU.Build.0 = Debug|Any CPU
		{4F31DC59-A5C6-417D-B8C8-51137DE9BEC6}.Release|Any CPU.ActiveCfg = Release|Any CPU
		{4F31DC59-A5C6-417D-B8C8-51137DE9BEC6}.Release|Any CPU.Build.0 = Release|Any CPU
		{E8E0B9B3-3734-4E96-B3FD-52DD558F66FC}.Debug|Any CPU.ActiveCfg = Debug|Any CPU
		{E8E0B9B3-3734-4E96-B3FD-52DD558F66FC}.Debug|Any CPU.Build.0 = Debug|Any CPU
		{E8E0B9B3-3734-4E96-B3FD-52DD558F66FC}.Release|Any CPU.ActiveCfg = Release|Any CPU
		{E8E0B9B3-3734-4E96-B3FD-52DD558F66FC}.Release|Any CPU.Build.0 = Release|Any CPU
		{3185AC1F-0A3E-4B2C-93CC-5D5319F2C34E}.Debug|Any CPU.ActiveCfg = Debug|Any CPU
		{3185AC1F-0A3E-4B2C-93CC-5D5319F2C34E}.Debug|Any CPU.Build.0 = Debug|Any CPU
		{3185AC1F-0A3E-4B2C-93CC-5D5319F2C34E}.Release|Any CPU.ActiveCfg = Release|Any CPU
		{3185AC1F-0A3E-4B2C-93CC-5D5319F2C34E}.Release|Any CPU.Build.0 = Release|Any CPU
		{FDD38330-E678-408A-88EE-DABF1930038D}.Debug|Any CPU.ActiveCfg = Debug|Any CPU
		{FDD38330-E678-408A-88EE-DABF1930038D}.Debug|Any CPU.Build.0 = Debug|Any CPU
		{FDD38330-E678-408A-88EE-DABF1930038D}.Release|Any CPU.ActiveCfg = Release|Any CPU
		{FDD38330-E678-408A-88EE-DABF1930038D}.Release|Any CPU.Build.0 = Release|Any CPU
	EndGlobalSection
	GlobalSection(SolutionProperties) = preSolution
		HideSolutionNode = FALSE
	EndGlobalSection
	GlobalSection(ExtensibilityGlobals) = postSolution
		SolutionGuid = {46FE59AB-FEE4-4747-A491-C443A90661DC}
	EndGlobalSection
EndGlobal
